// !$*UTF8*$!
{
	archiveVersion = 1;
	classes = {
	};
	objectVersion = 77;
	objects = {

/* Begin PBXBuildFile section */
		0A4BFDFEE0739CD6758CFA2D /* KeychainIntegrationTests.swift in Sources */ = {isa = PBXBuildFile; fileRef = 00CB69DDD6F009793C304363 /* KeychainIntegrationTests.swift */; };
		122B6F8E2D0AA31F00112233 /* LocalMsakPhase3HostedTests.swift in Sources */ = {isa = PBXBuildFile; fileRef = 122B6F8D2D0AA31F00112233 /* LocalMsakPhase3HostedTests.swift */; };
		22B6F8E12D0AB31F00112233 /* PublicMsakLocalSupabaseHostedTests.swift in Sources */ = {isa = PBXBuildFile; fileRef = 22B6F8E02D0AB31F00112233 /* PublicMsakLocalSupabaseHostedTests.swift */; };
		3C4A9B1D2E6F4A8C9D0E1F22 /* Phase3SequenceButtonHostedTests.swift in Sources */ = {isa = PBXBuildFile; fileRef = 3C4A9B1D2E6F4A8C9D0E1F21 /* Phase3SequenceButtonHostedTests.swift */; };
		4F88A6F92F0C4D1A00557799 /* OnboardingRuntimeHostedTests.swift in Sources */ = {isa = PBXBuildFile; fileRef = 4F88A6F82F0C4D1A00557799 /* OnboardingRuntimeHostedTests.swift */; };
		481BF9FFC6A1058F6725DBF3 /* AppDelegate.swift in Sources */ = {isa = PBXBuildFile; fileRef = AC15C20A199EC74B63FE7D9C /* AppDelegate.swift */; };
		4A8F9BC776AB61478207AC3B /* sharedKit.framework in Embed Frameworks */ = {isa = PBXBuildFile; fileRef = C5FBB840AFCBCA7D65A6631A /* sharedKit.framework */; settings = {ATTRIBUTES = (CodeSignOnCopy, RemoveHeadersOnCopy, ); }; };
		89FA7FCD8FE5F2573997FE75 /* sharedKit.framework in Frameworks */ = {isa = PBXBuildFile; fileRef = C5FBB840AFCBCA7D65A6631A /* sharedKit.framework */; };
		B74097565DC6F8AFBBEA8B1B /* sharedKit.framework in Embed Frameworks */ = {isa = PBXBuildFile; fileRef = C5FBB840AFCBCA7D65A6631A /* sharedKit.framework */; settings = {ATTRIBUTES = (CodeSignOnCopy, RemoveHeadersOnCopy, ); }; };
		D571874DE5967BFA3F325EB5 /* SyncHarnessParityTests.swift in Sources */ = {isa = PBXBuildFile; fileRef = 5631CFB68FC8008FCBA205FD /* SyncHarnessParityTests.swift */; };
		E72C272326E1B2EB895B61F3 /* sharedKit.framework in Frameworks */ = {isa = PBXBuildFile; fileRef = C5FBB840AFCBCA7D65A6631A /* sharedKit.framework */; };
/* End PBXBuildFile section */

/* Begin PBXContainerItemProxy section */
		FF8B3C4993A9FAEE7A7D149E /* PBXContainerItemProxy */ = {
			isa = PBXContainerItemProxy;
			containerPortal = 85CA3C22615F58B92B063F35 /* Project object */;
			proxyType = 1;
			remoteGlobalIDString = 0405610DB0E57C9FDEF4EF10;
			remoteInfo = iosTestApp;
		};
/* End PBXContainerItemProxy section */

/* Begin PBXCopyFilesBuildPhase section */
		6D0734B203CDE22C764149DD /* Embed Frameworks */ = {
			isa = PBXCopyFilesBuildPhase;
			buildActionMask = 2147483647;
			dstPath = "";
			dstSubfolderSpec = 10;
			files = (
				B74097565DC6F8AFBBEA8B1B /* sharedKit.framework in Embed Frameworks */,
			);
			name = "Embed Frameworks";
			runOnlyForDeploymentPostprocessing = 0;
		};
		E0AE646662F45F49AD9236EC /* Embed Frameworks */ = {
			isa = PBXCopyFilesBuildPhase;
			buildActionMask = 2147483647;
			dstPath = "";
			dstSubfolderSpec = 10;
			files = (
				4A8F9BC776AB61478207AC3B /* sharedKit.framework in Embed Frameworks */,
			);
			name = "Embed Frameworks";
			runOnlyForDeploymentPostprocessing = 0;
		};
/* End PBXCopyFilesBuildPhase section */

/* Begin PBXFileReference section */
		00CB69DDD6F009793C304363 /* KeychainIntegrationTests.swift */ = {isa = PBXFileReference; lastKnownFileType = sourcecode.swift; path = KeychainIntegrationTests.swift; sourceTree = "<group>"; };
		146D813614CC5B868480EDA0 /* iosTestApp.app */ = {isa = PBXFileReference; includeInIndex = 0; lastKnownFileType = wrapper.application; path = iosTestApp.app; sourceTree = BUILT_PRODUCTS_DIR; };
		1DC3BDAACA408D93F1038CF1 /* Info.plist */ = {isa = PBXFileReference; lastKnownFileType = text.plist; path = Info.plist; sourceTree = "<group>"; };
		122B6F8D2D0AA31F00112233 /* LocalMsakPhase3HostedTests.swift */ = {isa = PBXFileReference; lastKnownFileType = sourcecode.swift; path = LocalMsakPhase3HostedTests.swift; sourceTree = "<group>"; };
		22B6F8E02D0AB31F00112233 /* PublicMsakLocalSupabaseHostedTests.swift */ = {isa = PBXFileReference; lastKnownFileType = sourcecode.swift; path = PublicMsakLocalSupabaseHostedTests.swift; sourceTree = "<group>"; };
		3C4A9B1D2E6F4A8C9D0E1F21 /* Phase3SequenceButtonHostedTests.swift */ = {isa = PBXFileReference; lastKnownFileType = sourcecode.swift; path = Phase3SequenceButtonHostedTests.swift; sourceTree = "<group>"; };
		4F88A6F82F0C4D1A00557799 /* OnboardingRuntimeHostedTests.swift */ = {isa = PBXFileReference; lastKnownFileType = sourcecode.swift; path = OnboardingRuntimeHostedTests.swift; sourceTree = "<group>"; };
		5631CFB68FC8008FCBA205FD /* SyncHarnessParityTests.swift */ = {isa = PBXFileReference; lastKnownFileType = sourcecode.swift; path = SyncHarnessParityTests.swift; sourceTree = "<group>"; };
		AC15C20A199EC74B63FE7D9C /* AppDelegate.swift */ = {isa = PBXFileReference; lastKnownFileType = sourcecode.swift; path = AppDelegate.swift; sourceTree = "<group>"; };
		C5FBB840AFCBCA7D65A6631A /* sharedKit.framework */ = {isa = PBXFileReference; lastKnownFileType = wrapper.framework; name = sharedKit.framework; path = ../shared/build/bin/Current/sharedKit.framework; sourceTree = "<group>"; };
		E7484BFCC67094A1E0163165 /* iosTestAppTests.xctest */ = {isa = PBXFileReference; includeInIndex = 0; lastKnownFileType = wrapper.cfbundle; path = iosTestAppTests.xctest; sourceTree = BUILT_PRODUCTS_DIR; };
/* End PBXFileReference section */

/* Begin PBXFrameworksBuildPhase section */
		C8E0B6DED88B83FADF2CCEF5 /* Frameworks */ = {
			isa = PBXFrameworksBuildPhase;
			buildActionMask = 2147483647;
			files = (
				E72C272326E1B2EB895B61F3 /* sharedKit.framework in Frameworks */,
			);
			runOnlyForDeploymentPostprocessing = 0;
		};
		F648F9022C6F110FC421049F /* Frameworks */ = {
			isa = PBXFrameworksBuildPhase;
			buildActionMask = 2147483647;
			files = (
				89FA7FCD8FE5F2573997FE75 /* sharedKit.framework in Frameworks */,
			);
			runOnlyForDeploymentPostprocessing = 0;
		};
/* End PBXFrameworksBuildPhase section */

/* Begin PBXGroup section */
		14FF09FE8E9BBCAE14CB078E /* Frameworks */ = {
			isa = PBXGroup;
			children = (
				C5FBB840AFCBCA7D65A6631A /* sharedKit.framework */,
			);
			name = Frameworks;
			sourceTree = "<group>";
		};
		1A611577E85E8110497BF7AC = {
			isa = PBXGroup;
			children = (
				B3CB022555C8561742E76B33 /* App */,
				B6804FC271E0A6BD0F5E62E6 /* Tests */,
				14FF09FE8E9BBCAE14CB078E /* Frameworks */,
				ECF6A494976159DA899774C5 /* Products */,
			);
			sourceTree = "<group>";
		};
		B3CB022555C8561742E76B33 /* App */ = {
			isa = PBXGroup;
			children = (
				AC15C20A199EC74B63FE7D9C /* AppDelegate.swift */,
				1DC3BDAACA408D93F1038CF1 /* Info.plist */,
			);
			path = App;
			sourceTree = "<group>";
		};
		B6804FC271E0A6BD0F5E62E6 /* Tests */ = {
			isa = PBXGroup;
			children = (
				00CB69DDD6F009793C304363 /* KeychainIntegrationTests.swift */,
				122B6F8D2D0AA31F00112233 /* LocalMsakPhase3HostedTests.swift */,
				22B6F8E02D0AB31F00112233 /* PublicMsakLocalSupabaseHostedTests.swift */,
				3C4A9B1D2E6F4A8C9D0E1F21 /* Phase3SequenceButtonHostedTests.swift */,
				4F88A6F82F0C4D1A00557799 /* OnboardingRuntimeHostedTests.swift */,
				5631CFB68FC8008FCBA205FD /* SyncHarnessParityTests.swift */,
			);
			path = Tests;
			sourceTree = "<group>";
		};
		ECF6A494976159DA899774C5 /* Products */ = {
			isa = PBXGroup;
			children = (
				146D813614CC5B868480EDA0 /* iosTestApp.app */,
				E7484BFCC67094A1E0163165 /* iosTestAppTests.xctest */,
			);
			name = Products;
			sourceTree = "<group>";
		};
/* End PBXGroup section */

/* Begin PBXNativeTarget section */
		0405610DB0E57C9FDEF4EF10 /* iosTestApp */ = {
			isa = PBXNativeTarget;
			buildConfigurationList = 7AF44EB6010696C3AE2EEBA2 /* Build configuration list for PBXNativeTarget "iosTestApp" */;
			buildPhases = (
				4AE16B282453767671074CAC /* Build shared framework */,
				1510ED7D5F3D241062B05DE3 /* Sources */,
				C8E0B6DED88B83FADF2CCEF5 /* Frameworks */,
				6D0734B203CDE22C764149DD /* Embed Frameworks */,
			);
			buildRules = (
			);
			dependencies = (
			);
			name = iosTestApp;
			packageProductDependencies = (
			);
			productName = iosTestApp;
			productReference = 146D813614CC5B868480EDA0 /* iosTestApp.app */;
			productType = "com.apple.product-type.application";
		};
		34EDE1A2B5C76CA9D1FC5DF9 /* iosTestAppTests */ = {
			isa = PBXNativeTarget;
			buildConfigurationList = 72EDBD35D5A0405A8CB05EDD /* Build configuration list for PBXNativeTarget "iosTestAppTests" */;
			buildPhases = (
				5ED368BA0539C63BAE773158 /* Sources */,
				F648F9022C6F110FC421049F /* Frameworks */,
				E0AE646662F45F49AD9236EC /* Embed Frameworks */,
			);
			buildRules = (
			);
			dependencies = (
				378DEBD2E4D148C22D220208 /* PBXTargetDependency */,
			);
			name = iosTestAppTests;
			packageProductDependencies = (
			);
			productName = iosTestAppTests;
			productReference = E7484BFCC67094A1E0163165 /* iosTestAppTests.xctest */;
			productType = "com.apple.product-type.bundle.unit-test";
		};
/* End PBXNativeTarget section */

/* Begin PBXProject section */
		85CA3C22615F58B92B063F35 /* Project object */ = {
			isa = PBXProject;
			attributes = {
				BuildIndependentTargetsInParallel = YES;
				LastUpgradeCheck = 1430;
			};
			buildConfigurationList = 8B18D936C19AA29BC4C1594C /* Build configuration list for PBXProject "iosTestApp" */;
			compatibilityVersion = "Xcode 14.0";
			developmentRegion = en;
			hasScannedForEncodings = 0;
			knownRegions = (
				Base,
				en,
			);
			mainGroup = 1A611577E85E8110497BF7AC;
			minimizedProjectReferenceProxies = 1;
			preferredProjectObjectVersion = 77;
			projectDirPath = "";
			projectRoot = "";
			targets = (
				0405610DB0E57C9FDEF4EF10 /* iosTestApp */,
				34EDE1A2B5C76CA9D1FC5DF9 /* iosTestAppTests */,
			);
		};
/* End PBXProject section */

/* Begin PBXShellScriptBuildPhase section */
		4AE16B282453767671074CAC /* Build shared framework */ = {
			isa = PBXShellScriptBuildPhase;
			alwaysOutOfDate = 1;
			buildActionMask = 2147483647;
			files = (
			);
			inputFileListPaths = (
			);
			inputPaths = (
			);
			name = "Build shared framework";
			outputFileListPaths = (
			);
			outputPaths = (
				"$(SRCROOT)/../shared/build/bin/Current/sharedKit.framework",
			);
			runOnlyForDeploymentPostprocessing = 0;
			shellPath = /bin/sh;
			shellScript = "set -euo pipefail\n\"$SRCROOT/../scripts/compile-shared-framework-for-xcode.sh\"\n";
		};
/* End PBXShellScriptBuildPhase section */

/* Begin PBXSourcesBuildPhase section */
		1510ED7D5F3D241062B05DE3 /* Sources */ = {
			isa = PBXSourcesBuildPhase;
			buildActionMask = 2147483647;
			files = (
				481BF9FFC6A1058F6725DBF3 /* AppDelegate.swift in Sources */,
			);
			runOnlyForDeploymentPostprocessing = 0;
		};
		5ED368BA0539C63BAE773158 /* Sources */ = {
			isa = PBXSourcesBuildPhase;
			buildActionMask = 2147483647;
			files = (
				0A4BFDFEE0739CD6758CFA2D /* KeychainIntegrationTests.swift in Sources */,
				122B6F8E2D0AA31F00112233 /* LocalMsakPhase3HostedTests.swift in Sources */,
				22B6F8E12D0AB31F00112233 /* PublicMsakLocalSupabaseHostedTests.swift in Sources */,
				3C4A9B1D2E6F4A8C9D0E1F22 /* Phase3SequenceButtonHostedTests.swift in Sources */,
				4F88A6F92F0C4D1A00557799 /* OnboardingRuntimeHostedTests.swift in Sources */,
				D571874DE5967BFA3F325EB5 /* SyncHarnessParityTests.swift in Sources */,
			);
			runOnlyForDeploymentPostprocessing = 0;
		};
/* End PBXSourcesBuildPhase section */

/* Begin PBXTargetDependency section */
		378DEBD2E4D148C22D220208 /* PBXTargetDependency */ = {
			isa = PBXTargetDependency;
			target = 0405610DB0E57C9FDEF4EF10 /* iosTestApp */;
			targetProxy = FF8B3C4993A9FAEE7A7D149E /* PBXContainerItemProxy */;
		};
/* End PBXTargetDependency section */

/* Begin XCBuildConfiguration section */
		33C932C3D2A10B229D157C26 /* Debug */ = {
			isa = XCBuildConfiguration;
			buildSettings = {
				ALWAYS_SEARCH_USER_PATHS = NO;
				CLANG_ANALYZER_NONNULL = YES;
				CLANG_ANALYZER_NUMBER_OBJECT_CONVERSION = YES_AGGRESSIVE;
				CLANG_CXX_LANGUAGE_STANDARD = "gnu++14";
				CLANG_CXX_LIBRARY = "libc++";
				CLANG_ENABLE_MODULES = YES;
				CLANG_ENABLE_OBJC_ARC = YES;
				CLANG_ENABLE_OBJC_WEAK = YES;
				CLANG_WARN_BLOCK_CAPTURE_AUTORELEASING = YES;
				CLANG_WARN_BOOL_CONVERSION = YES;
				CLANG_WARN_COMMA = YES;
				CLANG_WARN_CONSTANT_CONVERSION = YES;
				CLANG_WARN_DEPRECATED_OBJC_IMPLEMENTATIONS = YES;
				CLANG_WARN_DIRECT_OBJC_ISA_USAGE = YES_ERROR;
				CLANG_WARN_DOCUMENTATION_COMMENTS = YES;
				CLANG_WARN_EMPTY_BODY = YES;
				CLANG_WARN_ENUM_CONVERSION = YES;
				CLANG_WARN_INFINITE_RECURSION = YES;
				CLANG_WARN_INT_CONVERSION = YES;
				CLANG_WARN_NON_LITERAL_NULL_CONVERSION = YES;
				CLANG_WARN_OBJC_IMPLICIT_RETAIN_SELF = YES;
				CLANG_WARN_OBJC_LITERAL_CONVERSION = YES;
				CLANG_WARN_OBJC_ROOT_CLASS = YES_ERROR;
				CLANG_WARN_QUOTED_INCLUDE_IN_FRAMEWORK_HEADER = YES;
				CLANG_WARN_RANGE_LOOP_ANALYSIS = YES;
				CLANG_WARN_STRICT_PROTOTYPES = YES;
				CLANG_WARN_SUSPICIOUS_MOVE = YES;
				CLANG_WARN_UNGUARDED_AVAILABILITY = YES_AGGRESSIVE;
				CLANG_WARN_UNREACHABLE_CODE = YES;
				CLANG_WARN__DUPLICATE_METHOD_MATCH = YES;
				COPY_PHASE_STRIP = NO;
				DEBUG_INFORMATION_FORMAT = dwarf;
				ENABLE_STRICT_OBJC_MSGSEND = YES;
				ENABLE_TESTABILITY = YES;
				GCC_C_LANGUAGE_STANDARD = gnu11;
				GCC_DYNAMIC_NO_PIC = NO;
				GCC_NO_COMMON_BLOCKS = YES;
				GCC_OPTIMIZATION_LEVEL = 0;
				GCC_PREPROCESSOR_DEFINITIONS = (
					"$(inherited)",
					"DEBUG=1",
				);
				GCC_WARN_64_TO_32_BIT_CONVERSION = YES;
				GCC_WARN_ABOUT_RETURN_TYPE = YES_ERROR;
				GCC_WARN_UNDECLARED_SELECTOR = YES;
				GCC_WARN_UNINITIALIZED_AUTOS = YES_AGGRESSIVE;
				GCC_WARN_UNUSED_FUNCTION = YES;
				GCC_WARN_UNUSED_VARIABLE = YES;
				IPHONEOS_DEPLOYMENT_TARGET = 17.0;
				MTL_ENABLE_DEBUG_INFO = INCLUDE_SOURCE;
				MTL_FAST_MATH = YES;
				ONLY_ACTIVE_ARCH = YES;
				PRODUCT_NAME = "$(TARGET_NAME)";
				SDKROOT = iphoneos;
				SWIFT_ACTIVE_COMPILATION_CONDITIONS = DEBUG;
				SWIFT_OPTIMIZATION_LEVEL = "-Onone";
				SWIFT_VERSION = 5.0;
			};
			name = Debug;
		};
		82BE3DC679B17965D0CA0DEF /* Release */ = {
			isa = XCBuildConfiguration;
			buildSettings = {
				ALWAYS_SEARCH_USER_PATHS = NO;
				CLANG_ANALYZER_NONNULL = YES;
				CLANG_ANALYZER_NUMBER_OBJECT_CONVERSION = YES_AGGRESSIVE;
				CLANG_CXX_LANGUAGE_STANDARD = "gnu++14";
				CLANG_CXX_LIBRARY = "libc++";
				CLANG_ENABLE_MODULES = YES;
				CLANG_ENABLE_OBJC_ARC = YES;
				CLANG_ENABLE_OBJC_WEAK = YES;
				CLANG_WARN_BLOCK_CAPTURE_AUTORELEASING = YES;
				CLANG_WARN_BOOL_CONVERSION = YES;
				CLANG_WARN_COMMA = YES;
				CLANG_WARN_CONSTANT_CONVERSION = YES;
				CLANG_WARN_DEPRECATED_OBJC_IMPLEMENTATIONS = YES;
				CLANG_WARN_DIRECT_OBJC_ISA_USAGE = YES_ERROR;
				CLANG_WARN_DOCUMENTATION_COMMENTS = YES;
				CLANG_WARN_EMPTY_BODY = YES;
				CLANG_WARN_ENUM_CONVERSION = YES;
				CLANG_WARN_INFINITE_RECURSION = YES;
				CLANG_WARN_INT_CONVERSION = YES;
				CLANG_WARN_NON_LITERAL_NULL_CONVERSION = YES;
				CLANG_WARN_OBJC_IMPLICIT_RETAIN_SELF = YES;
				CLANG_WARN_OBJC_LITERAL_CONVERSION = YES;
				CLANG_WARN_OBJC_ROOT_CLASS = YES_ERROR;
				CLANG_WARN_QUOTED_INCLUDE_IN_FRAMEWORK_HEADER = YES;
				CLANG_WARN_RANGE_LOOP_ANALYSIS = YES;
				CLANG_WARN_STRICT_PROTOTYPES = YES;
				CLANG_WARN_SUSPICIOUS_MOVE = YES;
				CLANG_WARN_UNGUARDED_AVAILABILITY = YES_AGGRESSIVE;
				CLANG_WARN_UNREACHABLE_CODE = YES;
				CLANG_WARN__DUPLICATE_METHOD_MATCH = YES;
				COPY_PHASE_STRIP = NO;
				DEBUG_INFORMATION_FORMAT = "dwarf-with-dsym";
				ENABLE_NS_ASSERTIONS = NO;
				ENABLE_STRICT_OBJC_MSGSEND = YES;
				GCC_C_LANGUAGE_STANDARD = gnu11;
				GCC_NO_COMMON_BLOCKS = YES;
				GCC_WARN_64_TO_32_BIT_CONVERSION = YES;
				GCC_WARN_ABOUT_RETURN_TYPE = YES_ERROR;
				GCC_WARN_UNDECLARED_SELECTOR = YES;
				GCC_WARN_UNINITIALIZED_AUTOS = YES_AGGRESSIVE;
				GCC_WARN_UNUSED_FUNCTION = YES;
				GCC_WARN_UNUSED_VARIABLE = YES;
				IPHONEOS_DEPLOYMENT_TARGET = 17.0;
				MTL_ENABLE_DEBUG_INFO = NO;
				MTL_FAST_MATH = YES;
				PRODUCT_NAME = "$(TARGET_NAME)";
				SDKROOT = iphoneos;
				SWIFT_COMPILATION_MODE = wholemodule;
				SWIFT_OPTIMIZATION_LEVEL = "-O";
				SWIFT_VERSION = 5.0;
			};
			name = Release;
		};
		9AFF888F6FC2EC8E2EB11763 /* Release */ = {
			isa = XCBuildConfiguration;
			buildSettings = {
				ASSETCATALOG_COMPILER_APPICON_NAME = AppIcon;
				CODE_SIGN_IDENTITY = "iPhone Developer";
				FRAMEWORK_SEARCH_PATHS = (
					"$(inherited)",
					"\"../shared/build/bin/Current\"",
				);
				INFOPLIST_FILE = App/Info.plist;
				LD_RUNPATH_SEARCH_PATHS = (
					"$(inherited)",
					"@executable_path/Frameworks",
				);
				PRODUCT_BUNDLE_IDENTIFIER = edu.gatech.cc.cellwatch.iosTestApp;
				SDKROOT = iphoneos;
				TARGETED_DEVICE_FAMILY = "1,2";
			};
			name = Release;
		};
		B6C578EA9E1CD32FD78F3A74 /* Release */ = {
			isa = XCBuildConfiguration;
			buildSettings = {
				BUNDLE_LOADER = "$(TEST_HOST)";
				FRAMEWORK_SEARCH_PATHS = (
					"$(inherited)",
					"\"../shared/build/bin/Current\"",
				);
				GENERATE_INFOPLIST_FILE = YES;
				LD_RUNPATH_SEARCH_PATHS = (
					"$(inherited)",
					"@executable_path/Frameworks",
					"@loader_path/Frameworks",
				);
				PRODUCT_BUNDLE_IDENTIFIER = edu.gatech.cc.cellwatch.iosTestAppTests;
				SDKROOT = iphoneos;
				TARGETED_DEVICE_FAMILY = "1,2";
				TEST_HOST = "$(BUILT_PRODUCTS_DIR)/iosTestApp.app/iosTestApp";
			};
			name = Release;
		};
		DD9B81743D6BF73C2B85BF4C /* Debug */ = {
			isa = XCBuildConfiguration;
			buildSettings = {
				BUNDLE_LOADER = "$(TEST_HOST)";
				FRAMEWORK_SEARCH_PATHS = (
					"$(inherited)",
					"\"../shared/build/bin/Current\"",
				);
				GENERATE_INFOPLIST_FILE = YES;
				LD_RUNPATH_SEARCH_PATHS = (
					"$(inherited)",
					"@executable_path/Frameworks",
					"@loader_path/Frameworks",
				);
				PRODUCT_BUNDLE_IDENTIFIER = edu.gatech.cc.cellwatch.iosTestAppTests;
				SDKROOT = iphoneos;
				TARGETED_DEVICE_FAMILY = "1,2";
				TEST_HOST = "$(BUILT_PRODUCTS_DIR)/iosTestApp.app/iosTestApp";
			};
			name = Debug;
		};
		EEE22FCA9D01FF30B29E638A /* Debug */ = {
			isa = XCBuildConfiguration;
			buildSettings = {
				ASSETCATALOG_COMPILER_APPICON_NAME = AppIcon;
				CODE_SIGN_IDENTITY = "iPhone Developer";
				FRAMEWORK_SEARCH_PATHS = (
					"$(inherited)",
					"\"../shared/build/bin/Current\"",
				);
				INFOPLIST_FILE = App/Info.plist;
				LD_RUNPATH_SEARCH_PATHS = (
					"$(inherited)",
					"@executable_path/Frameworks",
				);
				PRODUCT_BUNDLE_IDENTIFIER = edu.gatech.cc.cellwatch.iosTestApp;
				SDKROOT = iphoneos;
				TARGETED_DEVICE_FAMILY = "1,2";
			};
			name = Debug;
		};
/* End XCBuildConfiguration section */

/* Begin XCConfigurationList section */
		72EDBD35D5A0405A8CB05EDD /* Build configuration list for PBXNativeTarget "iosTestAppTests" */ = {
			isa = XCConfigurationList;
			buildConfigurations = (
				DD9B81743D6BF73C2B85BF4C /* Debug */,
				B6C578EA9E1CD32FD78F3A74 /* Release */,
			);
			defaultConfigurationIsVisible = 0;
			defaultConfigurationName = Debug;
		};
		7AF44EB6010696C3AE2EEBA2 /* Build configuration list for PBXNativeTarget "iosTestApp" */ = {
			isa = XCConfigurationList;
			buildConfigurations = (
				EEE22FCA9D01FF30B29E638A /* Debug */,
				9AFF888F6FC2EC8E2EB11763 /* Release */,
			);
			defaultConfigurationIsVisible = 0;
			defaultConfigurationName = Debug;
		};
		8B18D936C19AA29BC4C1594C /* Build configuration list for PBXProject "iosTestApp" */ = {
			isa = XCConfigurationList;
			buildConfigurations = (
				33C932C3D2A10B229D157C26 /* Debug */,
				82BE3DC679B17965D0CA0DEF /* Release */,
			);
			defaultConfigurationIsVisible = 0;
			defaultConfigurationName = Debug;
		};
/* End XCConfigurationList section */
	};
	rootObject = 85CA3C22615F58B92B063F35 /* Project object */;
}
